
Microsoft Visual Studio Solution File, Format Version 12.00
# Visual Studio Version 16
VisualStudioVersion = 16.0.29326.143
MinimumVisualStudioVersion = 10.0.40219.1
Project("{FAE04EC0-301F-11D3-BF4B-00C04F79EFBC}") = "open-lab-02.6", "open-lab-02.6\open-lab-02.6.csproj", "{586AB24D-DD67-466C-911D-CBDB8934E729}"
EndProject
Global
	GlobalSection(SolutionConfigurationPlatforms) = preSolution
		Debug|Any CPU = Debug|Any CPU
		Release|Any CPU = Release|Any CPU
	EndGlobalSection
	GlobalSection(ProjectConfigurationPlatforms) = postSolution
		{586AB24D-DD67-466C-911D-CBDB8934E729}.Debug|Any CPU.ActiveCfg = Debug|Any CPU
		{586AB24D-DD67-466C-911D-CBDB8934E729}.Debug|Any CPU.Build.0 = Debug|Any CPU
		{586AB24D-DD67-466C-911D-CBDB8934E729}.Release|Any CPU.ActiveCfg = Release|Any CPU
		{586AB24D-DD67-466C-911D-CBDB8934E729}.Release|Any CPU.Build.0 = Release|Any CPU
	EndGlobalSection
	GlobalSection(SolutionProperties) = preSolution
		HideSolutionNode = FALSE
	EndGlobalSection
	GlobalSection(ExtensibilityGlobals) = postSolution
		SolutionGuid = {A55CD3C2-830E-4104-9838-C084F58DA683}
	EndGlobalSection
EndGlobal
